
Microsoft Visual Studio Solution File, Format Version 12.00
# Visual Studio Version 16
VisualStudioVersion = 16.0.30523.141
MinimumVisualStudioVersion = 10.0.40219.1
Project("{FAE04EC0-301F-11D3-BF4B-00C04F79EFBC}") = "CGlab", "CGlab.csproj", "{C2619076-55D9-4663-820E-6E9DF329B559}"
EndProject
Global
	GlobalSection(SolutionConfigurationPlatforms) = preSolution
		Debug|Any CPU = Debug|Any CPU
		Release|Any CPU = Release|Any CPU
	EndGlobalSection
	GlobalSection(ProjectConfigurationPlatforms) = postSolution
		{C2619076-55D9-4663-820E-6E9DF329B559}.Debug|Any CPU.ActiveCfg = Debug|Any CPU
		{C2619076-55D9-4663-820E-6E9DF329B559}.Debug|Any CPU.Build.0 = Debug|Any CPU
		{C2619076-55D9-4663-820E-6E9DF329B559}.Release|Any CPU.ActiveCfg = Release|Any CPU
		{C2619076-55D9-4663-820E-6E9DF329B559}.Release|Any CPU.Build.0 = Release|Any CPU
	EndGlobalSection
	GlobalSection(SolutionProperties) = preSolution
		HideSolutionNode = FALSE
	EndGlobalSection
	GlobalSection(ExtensibilityGlobals) = postSolution
		SolutionGuid = {36CB20B0-C2DA-44DC-A2CC-9204923D22A5}
	EndGlobalSection
EndGlobal
